
Microsoft Visual Studio Solution File, Format Version 12.00
# Visual Studio Version 16
VisualStudioVersion = 16.0.31729.503
MinimumVisualStudioVersion = 10.0.40219.1
Project("{FAE04EC0-301F-11D3-BF4B-00C04F79EFBC}") = "PB@", "PB@.csproj", "{77907D19-7CD6-43D9-AFA4-BE7158B58479}"
EndProject
Global
	GlobalSection(SolutionConfigurationPlatforms) = preSolution
		Debug|Any CPU = Debug|Any CPU
		Release|Any CPU = Release|Any CPU
	EndGlobalSection
	GlobalSection(ProjectConfigurationPlatforms) = postSolution
		{77907D19-7CD6-43D9-AFA4-BE7158B58479}.Debug|Any CPU.ActiveCfg = Debug|Any CPU
		{77907D19-7CD6-43D9-AFA4-BE7158B58479}.Debug|Any CPU.Build.0 = Debug|Any CPU
		{77907D19-7CD6-43D9-AFA4-BE7158B58479}.Release|Any CPU.ActiveCfg = Release|Any CPU
		{77907D19-7CD6-43D9-AFA4-BE7158B58479}.Release|Any CPU.Build.0 = Release|Any CPU
	EndGlobalSection
	GlobalSection(SolutionProperties) = preSolution
		HideSolutionNode = FALSE
	EndGlobalSection
	GlobalSection(ExtensibilityGlobals) = postSolution
		SolutionGuid = {D9B5ADD4-38EC-4CF9-994A-B6658D460949}
	EndGlobalSection
EndGlobal
